<Solution>
  <Folder Name="/H_W/" />
  <Folder Name="/H_W/H_W_1/">
    <Project Path="H_W/H_W.csproj" />
    <Project Path="H_W_2/H_W_2.csproj" />
  </Folder>
  <Folder Name="/H_W/H_W_2/">
    <Project Path="H_W_3/H_W_3.csproj" Id="ed944064-6a8c-4e1d-a69a-a1a5cfe4adc4" />
    <Project Path="H_W_4/H_W_4.csproj" Id="d5fc3e13-3de7-45dc-a24a-b1ae25d5f501" />
    <Project Path="H_W_5/H_W_5.csproj" Id="8314fe56-8282-4636-925b-d25a0f6483ef" />
    <Project Path="H_W_6/H_W_6.csproj" Id="c5d60ebe-890b-42fd-a010-b96330cf33bb" />
    <Project Path="H_W_7/H_W_7.csproj" Id="3e7e5b9c-9229-4178-8d40-31579048dd62" />
    <Project Path="H_W_8/H_W_8.csproj" Id="0d682a5a-d9d6-47a6-8aa5-4d6451bc1d59" />
  </Folder>
  <Folder Name="/H_W/H_W_3/">
    <Project Path="HW/HW.csproj" Id="9354bb47-b345-4e9f-9db6-4eef5690dcd6" />
    <Project Path="HW_2/HW_2.csproj" Id="ee7c8a98-5619-4a4d-86d4-1b2d7c45be7c" />
  </Folder>
  <Project Path="My_Picture/My_Picture.csproj" Id="ce04a5eb-c70f-4d0e-ae22-771f67e57aad" />
  <Project Path="P417/WinForms_P417.csproj" />
  <Project Path="P417_Picture/P417_Picture.csproj" Id="f17be095-50c9-43b0-9512-7c18de218e4b" />
  <Project Path="P417_POCO/P417_POCO.csproj" Id="71312b71-3b78-4241-b8d8-d0f8eae336ca" />
  <Project Path="Test/Test.csproj" Id="d322b75b-c486-4e01-83f3-bc4406535186" />
</Solution>
