<Solution>
  <Folder Name="/H_W/" />
  <Folder Name="/H_W/H_W_1/">
    <Project Path="H_W/H_W.csproj" Id="5d76d992-6539-4f8c-8b2b-f9b9cd747edf" />
    <Project Path="H_W_2/H_W_2.csproj" Id="05a339d3-a252-490e-9886-2e249e74ce32" />
  </Folder>
  <Project Path="P417/WinForms_P417.csproj" />
</Solution>
